
Microsoft Visual Studio Solution File, Format Version 12.00
# Visual Studio Version 16
VisualStudioVersion = 16.0.30611.23
MinimumVisualStudioVersion = 10.0.40219.1
Project("{FAE04EC0-301F-11D3-BF4B-00C04F79EFBC}") = "GazelleLowcay_Final_Portfolio", "GazelleLowcay_Final_Portfolio.csproj", "{BE8A0756-C7C5-4C6D-845E-45981C8155EE}"
EndProject
Global
	GlobalSection(SolutionConfigurationPlatforms) = preSolution
		Debug|Any CPU = Debug|Any CPU
		Release|Any CPU = Release|Any CPU
	EndGlobalSection
	GlobalSection(ProjectConfigurationPlatforms) = postSolution
		{BE8A0756-C7C5-4C6D-845E-45981C8155EE}.Debug|Any CPU.ActiveCfg = Debug|Any CPU
		{BE8A0756-C7C5-4C6D-845E-45981C8155EE}.Debug|Any CPU.Build.0 = Debug|Any CPU
		{BE8A0756-C7C5-4C6D-845E-45981C8155EE}.Release|Any CPU.ActiveCfg = Release|Any CPU
		{BE8A0756-C7C5-4C6D-845E-45981C8155EE}.Release|Any CPU.Build.0 = Release|Any CPU
	EndGlobalSection
	GlobalSection(SolutionProperties) = preSolution
		HideSolutionNode = FALSE
	EndGlobalSection
	GlobalSection(ExtensibilityGlobals) = postSolution
		SolutionGuid = {D0520556-B635-4F7B-962B-8E284771681B}
	EndGlobalSection
EndGlobal
